
Microsoft Visual Studio Solution File, Format Version 12.00
# Visual Studio Version 16
VisualStudioVersion = 16.0.29509.3
MinimumVisualStudioVersion = 10.0.40219.1
Project("{FAE04EC0-301F-11D3-BF4B-00C04F79EFBC}") = "Algo", "Algo\Algo.csproj", "{8F14ADC0-AF2F-478E-BB06-B37676DF8EA1}"
EndProject
Project("{FAE04EC0-301F-11D3-BF4B-00C04F79EFBC}") = "CalculateTimes", "CalculateTimes\CalculateTimes.csproj", "{3C10C900-5BE3-45AE-930E-07D8241753A3}"
EndProject
Project("{FAE04EC0-301F-11D3-BF4B-00C04F79EFBC}") = "RandData", "RandData\RandData.csproj", "{B3CD05A9-8B60-4CDF-9F92-656919E3B26B}"
EndProject
Project("{FAE04EC0-301F-11D3-BF4B-00C04F79EFBC}") = "AlgoSort", "AlgoSort\AlgoSort.csproj", "{E7C7F9FC-2854-4E0A-97F1-F87FC471C8E2}"
EndProject
Project("{FAE04EC0-301F-11D3-BF4B-00C04F79EFBC}") = "Diagram", "Diagram\Diagram.csproj", "{2629B2FF-6C5F-43C9-A09A-2045A54003D4}"
EndProject
Global
	GlobalSection(SolutionConfigurationPlatforms) = preSolution
		Debug|Any CPU = Debug|Any CPU
		Release|Any CPU = Release|Any CPU
	EndGlobalSection
	GlobalSection(ProjectConfigurationPlatforms) = postSolution
		{8F14ADC0-AF2F-478E-BB06-B37676DF8EA1}.Debug|Any CPU.ActiveCfg = Debug|Any CPU
		{8F14ADC0-AF2F-478E-BB06-B37676DF8EA1}.Debug|Any CPU.Build.0 = Debug|Any CPU
		{8F14ADC0-AF2F-478E-BB06-B37676DF8EA1}.Release|Any CPU.ActiveCfg = Release|Any CPU
		{8F14ADC0-AF2F-478E-BB06-B37676DF8EA1}.Release|Any CPU.Build.0 = Release|Any CPU
		{3C10C900-5BE3-45AE-930E-07D8241753A3}.Debug|Any CPU.ActiveCfg = Debug|Any CPU
		{3C10C900-5BE3-45AE-930E-07D8241753A3}.Debug|Any CPU.Build.0 = Debug|Any CPU
		{3C10C900-5BE3-45AE-930E-07D8241753A3}.Release|Any CPU.ActiveCfg = Release|Any CPU
		{3C10C900-5BE3-45AE-930E-07D8241753A3}.Release|Any CPU.Build.0 = Release|Any CPU
		{B3CD05A9-8B60-4CDF-9F92-656919E3B26B}.Debug|Any CPU.ActiveCfg = Debug|Any CPU
		{B3CD05A9-8B60-4CDF-9F92-656919E3B26B}.Debug|Any CPU.Build.0 = Debug|Any CPU
		{B3CD05A9-8B60-4CDF-9F92-656919E3B26B}.Release|Any CPU.ActiveCfg = Release|Any CPU
		{B3CD05A9-8B60-4CDF-9F92-656919E3B26B}.Release|Any CPU.Build.0 = Release|Any CPU
		{E7C7F9FC-2854-4E0A-97F1-F87FC471C8E2}.Debug|Any CPU.ActiveCfg = Debug|Any CPU
		{E7C7F9FC-2854-4E0A-97F1-F87FC471C8E2}.Debug|Any CPU.Build.0 = Debug|Any CPU
		{E7C7F9FC-2854-4E0A-97F1-F87FC471C8E2}.Release|Any CPU.ActiveCfg = Release|Any CPU
		{E7C7F9FC-2854-4E0A-97F1-F87FC471C8E2}.Release|Any CPU.Build.0 = Release|Any CPU
		{2629B2FF-6C5F-43C9-A09A-2045A54003D4}.Debug|Any CPU.ActiveCfg = Debug|Any CPU
		{2629B2FF-6C5F-43C9-A09A-2045A54003D4}.Debug|Any CPU.Build.0 = Debug|Any CPU
		{2629B2FF-6C5F-43C9-A09A-2045A54003D4}.Release|Any CPU.ActiveCfg = Release|Any CPU
		{2629B2FF-6C5F-43C9-A09A-2045A54003D4}.Release|Any CPU.Build.0 = Release|Any CPU
	EndGlobalSection
	GlobalSection(SolutionProperties) = preSolution
		HideSolutionNode = FALSE
	EndGlobalSection
	GlobalSection(ExtensibilityGlobals) = postSolution
		SolutionGuid = {AB4EEA50-312C-44A0-86C1-9FA71509732D}
	EndGlobalSection
EndGlobal
