
Microsoft Visual Studio Solution File, Format Version 12.00
# Visual Studio Version 16
VisualStudioVersion = 16.0.29509.3
MinimumVisualStudioVersion = 10.0.40219.1
Project("{9A19103F-16F7-4668-BE54-9A1E7A4F7556}") = "SortingAlgo", "SortingAlgo\SortingAlgo.csproj", "{F9012312-3DCE-43E6-B0B0-74CCCAEA5F27}"
EndProject
Project("{9A19103F-16F7-4668-BE54-9A1E7A4F7556}") = "Algorithms", "Algorithms\Algorithms.csproj", "{158DADC3-8055-4CFB-A272-39A91202525A}"
EndProject
Project("{9A19103F-16F7-4668-BE54-9A1E7A4F7556}") = "RandomData", "RandomData\RandomData.csproj", "{112C58C4-B9A1-4A3E-B830-FC797C799F6C}"
EndProject
Project("{FAE04EC0-301F-11D3-BF4B-00C04F79EFBC}") = "Visualization", "Visualization\Visualization.csproj", "{34DD4EF7-0BCA-488D-9A77-5CD31F2B7EE1}"
EndProject
Project("{FAE04EC0-301F-11D3-BF4B-00C04F79EFBC}") = "SortingResultInFiles", "SortingResultInFiles\SortingResultInFiles.csproj", "{2B87850E-F6F0-425A-8E9E-EDA146719C65}"
EndProject
Global
	GlobalSection(SolutionConfigurationPlatforms) = preSolution
		Debug|Any CPU = Debug|Any CPU
		Release|Any CPU = Release|Any CPU
	EndGlobalSection
	GlobalSection(ProjectConfigurationPlatforms) = postSolution
		{F9012312-3DCE-43E6-B0B0-74CCCAEA5F27}.Debug|Any CPU.ActiveCfg = Debug|Any CPU
		{F9012312-3DCE-43E6-B0B0-74CCCAEA5F27}.Debug|Any CPU.Build.0 = Debug|Any CPU
		{F9012312-3DCE-43E6-B0B0-74CCCAEA5F27}.Release|Any CPU.ActiveCfg = Release|Any CPU
		{F9012312-3DCE-43E6-B0B0-74CCCAEA5F27}.Release|Any CPU.Build.0 = Release|Any CPU
		{158DADC3-8055-4CFB-A272-39A91202525A}.Debug|Any CPU.ActiveCfg = Debug|Any CPU
		{158DADC3-8055-4CFB-A272-39A91202525A}.Debug|Any CPU.Build.0 = Debug|Any CPU
		{158DADC3-8055-4CFB-A272-39A91202525A}.Release|Any CPU.ActiveCfg = Release|Any CPU
		{158DADC3-8055-4CFB-A272-39A91202525A}.Release|Any CPU.Build.0 = Release|Any CPU
		{112C58C4-B9A1-4A3E-B830-FC797C799F6C}.Debug|Any CPU.ActiveCfg = Debug|Any CPU
		{112C58C4-B9A1-4A3E-B830-FC797C799F6C}.Debug|Any CPU.Build.0 = Debug|Any CPU
		{112C58C4-B9A1-4A3E-B830-FC797C799F6C}.Release|Any CPU.ActiveCfg = Release|Any CPU
		{112C58C4-B9A1-4A3E-B830-FC797C799F6C}.Release|Any CPU.Build.0 = Release|Any CPU
		{34DD4EF7-0BCA-488D-9A77-5CD31F2B7EE1}.Debug|Any CPU.ActiveCfg = Debug|Any CPU
		{34DD4EF7-0BCA-488D-9A77-5CD31F2B7EE1}.Debug|Any CPU.Build.0 = Debug|Any CPU
		{34DD4EF7-0BCA-488D-9A77-5CD31F2B7EE1}.Release|Any CPU.ActiveCfg = Release|Any CPU
		{34DD4EF7-0BCA-488D-9A77-5CD31F2B7EE1}.Release|Any CPU.Build.0 = Release|Any CPU
		{2B87850E-F6F0-425A-8E9E-EDA146719C65}.Debug|Any CPU.ActiveCfg = Debug|Any CPU
		{2B87850E-F6F0-425A-8E9E-EDA146719C65}.Debug|Any CPU.Build.0 = Debug|Any CPU
		{2B87850E-F6F0-425A-8E9E-EDA146719C65}.Release|Any CPU.ActiveCfg = Release|Any CPU
		{2B87850E-F6F0-425A-8E9E-EDA146719C65}.Release|Any CPU.Build.0 = Release|Any CPU
	EndGlobalSection
	GlobalSection(SolutionProperties) = preSolution
		HideSolutionNode = FALSE
	EndGlobalSection
	GlobalSection(ExtensibilityGlobals) = postSolution
		SolutionGuid = {AB4EEA50-312C-44A0-86C1-9FA71509732D}
	EndGlobalSection
EndGlobal
